
Microsoft Visual Studio Solution File, Format Version 12.00
# Visual Studio Version 17
VisualStudioVersion = 17.11.35208.52
MinimumVisualStudioVersion = 10.0.40219.1
Project("{FAE04EC0-301F-11D3-BF4B-00C04F79EFBC}") = "TestProj", "TestProj.csproj", "{8FA198F2-0A5A-4DA7-93A5-8ED4398FBB09}"
EndProject
Global
	GlobalSection(SolutionConfigurationPlatforms) = preSolution
		Debug|Any CPU = Debug|Any CPU
		Release|Any CPU = Release|Any CPU
	EndGlobalSection
	GlobalSection(ProjectConfigurationPlatforms) = postSolution
		{8FA198F2-0A5A-4DA7-93A5-8ED4398FBB09}.Debug|Any CPU.ActiveCfg = Debug|Any CPU
		{8FA198F2-0A5A-4DA7-93A5-8ED4398FBB09}.Debug|Any CPU.Build.0 = Debug|Any CPU
		{8FA198F2-0A5A-4DA7-93A5-8ED4398FBB09}.Release|Any CPU.ActiveCfg = Release|Any CPU
		{8FA198F2-0A5A-4DA7-93A5-8ED4398FBB09}.Release|Any CPU.Build.0 = Release|Any CPU
	EndGlobalSection
	GlobalSection(SolutionProperties) = preSolution
		HideSolutionNode = FALSE
	EndGlobalSection
	GlobalSection(ExtensibilityGlobals) = postSolution
		SolutionGuid = {EDEF0567-2E89-41B6-92E7-5188D5BCFEBF}
	EndGlobalSection
EndGlobal
